Microsoft Visual Studio Solution File, Format Version 11.00
# Visual Studio 2008

Project("{B043AF9A-AA01-7E37-EA31-5EF2165F4171}") = "Rad Libs", "Assembly-CSharp.csproj", "{F6866C60-D954-8ED6-3F6F-6E9BB00D9F49}"
EndProject
Global
	GlobalSection(SolutionConfigurationPlatforms) = preSolution
		Debug|Any CPU = Debug|Any CPU
		Release|Any CPU = Release|Any CPU
	EndGlobalSection
	GlobalSection(ProjectConfigurationPlatforms) = postSolution
		{F6866C60-D954-8ED6-3F6F-6E9BB00D9F49}.Debug|Any CPU.ActiveCfg = Debug|Any CPU
		{F6866C60-D954-8ED6-3F6F-6E9BB00D9F49}.Debug|Any CPU.Build.0 = Debug|Any CPU
		{F6866C60-D954-8ED6-3F6F-6E9BB00D9F49}.Release|Any CPU.ActiveCfg = Release|Any CPU
		{F6866C60-D954-8ED6-3F6F-6E9BB00D9F49}.Release|Any CPU.Build.0 = Release|Any CPU
	EndGlobalSection
	GlobalSection(SolutionProperties) = preSolution
		HideSolutionNode = FALSE
	EndGlobalSection
	GlobalSection(MonoDevelopProperties) = preSolution
		StartupItem = Assembly-CSharp.csproj
	EndGlobalSection
EndGlobal
